// !$*UTF8*$!
{
	archiveVersion = 1;
	classes = {
	};
	objectVersion = 46;
	objects = {

/* Begin PBXBuildFile section */
		156651111CF4193A00976258 /* main.m in Sources */ = {isa = PBXBuildFile; fileRef = 156651101CF4193A00976258 /* main.m */; };
		156651141CF4193A00976258 /* AppDelegate.m in Sources */ = {isa = PBXBuildFile; fileRef = 156651131CF4193A00976258 /* AppDelegate.m */; };
		156651171CF4193A00976258 /* ViewController.m in Sources */ = {isa = PBXBuildFile; fileRef = 156651161CF4193A00976258 /* ViewController.m */; };
		1566511A1CF4193A00976258 /* Main.storyboard in Resources */ = {isa = PBXBuildFile; fileRef = 156651181CF4193A00976258 /* Main.storyboard */; };
		1566511D1CF4193A00976258 /* uIView.xcdatamodeld in Sources */ = {isa = PBXBuildFile; fileRef = 1566511B1CF4193A00976258 /* uIView.xcdatamodeld */; };
		1566511F1CF4193A00976258 /* Assets.xcassets in Resources */ = {isa = PBXBuildFile; fileRef = 1566511E1CF4193A00976258 /* Assets.xcassets */; };
		156651221CF4193A00976258 /* LaunchScreen.storyboard in Resources */ = {isa = PBXBuildFile; fileRef = 156651201CF4193A00976258 /* LaunchScreen.storyboard */; };
		1566512D1CF4193B00976258 /* uIViewTests.m in Sources */ = {isa = PBXBuildFile; fileRef = 1566512C1CF4193B00976258 /* uIViewTests.m */; };
		156651381CF4193B00976258 /* uIViewUITests.m in Sources */ = {isa = PBXBuildFile; fileRef = 156651371CF4193B00976258 /* uIViewUITests.m */; };
		156651461CF43CE200976258 /* tumblr_o4wv490Gni1u16n75o1_1280.jpg in Resources */ = {isa = PBXBuildFile; fileRef = 156651451CF43CE200976258 /* tumblr_o4wv490Gni1u16n75o1_1280.jpg */; };
/* End PBXBuildFile section */

/* Begin PBXContainerItemProxy section */
		156651291CF4193B00976258 /* PBXContainerItemProxy */ = {
			isa = PBXContainerItemProxy;
			containerPortal = 156651041CF4193A00976258 /* Project object */;
			proxyType = 1;
			remoteGlobalIDString = 1566510B1CF4193A00976258;
			remoteInfo = uIView;
		};
		156651341CF4193B00976258 /* PBXContainerItemProxy */ = {
			isa = PBXContainerItemProxy;
			containerPortal = 156651041CF4193A00976258 /* Project object */;
			proxyType = 1;
			remoteGlobalIDString = 1566510B1CF4193A00976258;
			remoteInfo = uIView;
		};
/* End PBXContainerItemProxy section */

/* Begin PBXFileReference section */
		1566510C1CF4193A00976258 /* uIView.app */ = {isa = PBXFileReference; explicitFileType = wrapper.application; includeInIndex = 0; path = uIView.app; sourceTree = BUILT_PRODUCTS_DIR; };
		156651101CF4193A00976258 /* main.m */ = {isa = PBXFileReference; lastKnownFileType = sourcecode.c.objc; path = main.m; sourceTree = "<group>"; };
		156651121CF4193A00976258 /* AppDelegate.h */ = {isa = PBXFileReference; lastKnownFileType = sourcecode.c.h; path = AppDelegate.h; sourceTree = "<group>"; };
		156651131CF4193A00976258 /* AppDelegate.m */ = {isa = PBXFileReference; lastKnownFileType = sourcecode.c.objc; path = AppDelegate.m; sourceTree = "<group>"; };
		156651151CF4193A00976258 /* ViewController.h */ = {isa = PBXFileReference; lastKnownFileType = sourcecode.c.h; path = ViewController.h; sourceTree = "<group>"; };
		156651161CF4193A00976258 /* ViewController.m */ = {isa = PBXFileReference; lastKnownFileType = sourcecode.c.objc; path = ViewController.m; sourceTree = "<group>"; };
		156651191CF4193A00976258 /* Base */ = {isa = PBXFileReference; lastKnownFileType = file.storyboard; name = Base; path = Base.lproj/Main.storyboard; sourceTree = "<group>"; };
		1566511C1CF4193A00976258 /* uIView.xcdatamodel */ = {isa = PBXFileReference; lastKnownFileType = wrapper.xcdatamodel; path = uIView.xcdatamodel; sourceTree = "<group>"; };
		1566511E1CF4193A00976258 /* Assets.xcassets */ = {isa = PBXFileReference; lastKnownFileType = folder.assetcatalog; path = Assets.xcassets; sourceTree = "<group>"; };
		156651211CF4193A00976258 /* Base */ = {isa = PBXFileReference; lastKnownFileType = file.storyboard; name = Base; path = Base.lproj/LaunchScreen.storyboard; sourceTree = "<group>"; };
		156651231CF4193A00976258 /* Info.plist */ = {isa = PBXFileReference; lastKnownFileType = text.plist.xml; path = Info.plist; sourceTree = "<group>"; };
		156651281CF4193B00976258 /* uIViewTests.xctest */ = {isa = PBXFileReference; explicitFileType = wrapper.cfbundle; includeInIndex = 0; path = uIViewTests.xctest; sourceTree = BUILT_PRODUCTS_DIR; };
		1566512C1CF4193B00976258 /* uIViewTests.m */ = {isa = PBXFileReference; lastKnownFileType = sourcecode.c.objc; path = uIViewTests.m; sourceTree = "<group>"; };
		1566512E1CF4193B00976258 /* Info.plist */ = {isa = PBXFileReference; lastKnownFileType = text.plist.xml; path = Info.plist; sourceTree = "<group>"; };
		156651331CF4193B00976258 /* uIViewUITests.xctest */ = {isa = PBXFileReference; explicitFileType = wrapper.cfbundle; includeInIndex = 0; path = uIViewUITests.xctest; sourceTree = BUILT_PRODUCTS_DIR; };
		156651371CF4193B00976258 /* uIViewUITests.m */ = {isa = PBXFileReference; lastKnownFileType = sourcecode.c.objc; path = uIViewUITests.m; sourceTree = "<group>"; };
		156651391CF4193B00976258 /* Info.plist */ = {isa = PBXFileReference; lastKnownFileType = text.plist.xml; path = Info.plist; sourceTree = "<group>"; };
		156651451CF43CE200976258 /* tumblr_o4wv490Gni1u16n75o1_1280.jpg */ = {isa = PBXFileReference; lastKnownFileType = image.jpeg; name = tumblr_o4wv490Gni1u16n75o1_1280.jpg; path = ../../tumblr_o4wv490Gni1u16n75o1_1280.jpg; sourceTree = "<group>"; };
/* End PBXFileReference section */

/* Begin PBXFrameworksBuildPhase section */
		156651091CF4193A00976258 /* Frameworks */ = {
			isa = PBXFrameworksBuildPhase;
			buildActionMask = 2147483647;
			files = (
			);
			runOnlyForDeploymentPostprocessing = 0;
		};
		156651251CF4193B00976258 /* Frameworks */ = {
			isa = PBXFrameworksBuildPhase;
			buildActionMask = 2147483647;
			files = (
			);
			runOnlyForDeploymentPostprocessing = 0;
		};
		156651301CF4193B00976258 /* Frameworks */ = {
			isa = PBXFrameworksBuildPhase;
			buildActionMask = 2147483647;
			files = (
			);
			runOnlyForDeploymentPostprocessing = 0;
		};
/* End PBXFrameworksBuildPhase section */

/* Begin PBXGroup section */
		156651031CF4193A00976258 = {
			isa = PBXGroup;
			children = (
				1566510E1CF4193A00976258 /* uIView */,
				1566512B1CF4193B00976258 /* uIViewTests */,
				156651361CF4193B00976258 /* uIViewUITests */,
				1566510D1CF4193A00976258 /* Products */,
			);
			sourceTree = "<group>";
		};
		1566510D1CF4193A00976258 /* Products */ = {
			isa = PBXGroup;
			children = (
				1566510C1CF4193A00976258 /* uIView.app */,
				156651281CF4193B00976258 /* uIViewTests.xctest */,
				156651331CF4193B00976258 /* uIViewUITests.xctest */,
			);
			name = Products;
			sourceTree = "<group>";
		};
		1566510E1CF4193A00976258 /* uIView */ = {
			isa = PBXGroup;
			children = (
				156651121CF4193A00976258 /* AppDelegate.h */,
				156651131CF4193A00976258 /* AppDelegate.m */,
				156651151CF4193A00976258 /* ViewController.h */,
				156651161CF4193A00976258 /* ViewController.m */,
				156651181CF4193A00976258 /* Main.storyboard */,
				1566511E1CF4193A00976258 /* Assets.xcassets */,
				156651201CF4193A00976258 /* LaunchScreen.storyboard */,
				156651231CF4193A00976258 /* Info.plist */,
				1566511B1CF4193A00976258 /* uIView.xcdatamodeld */,
				156651451CF43CE200976258 /* tumblr_o4wv490Gni1u16n75o1_1280.jpg */,
				1566510F1CF4193A00976258 /* Supporting Files */,
			);
			path = uIView;
			sourceTree = "<group>";
		};
		1566510F1CF4193A00976258 /* Supporting Files */ = {
			isa = PBXGroup;
			children = (
				156651101CF4193A00976258 /* main.m */,
			);
			name = "Supporting Files";
			sourceTree = "<group>";
		};
		1566512B1CF4193B00976258 /* uIViewTests */ = {
			isa = PBXGroup;
			children = (
				1566512C1CF4193B00976258 /* uIViewTests.m */,
				1566512E1CF4193B00976258 /* Info.plist */,
			);
			path = uIViewTests;
			sourceTree = "<group>";
		};
		156651361CF4193B00976258 /* uIViewUITests */ = {
			isa = PBXGroup;
			children = (
				156651371CF4193B00976258 /* uIViewUITests.m */,
				156651391CF4193B00976258 /* Info.plist */,
			);
			path = uIViewUITests;
			sourceTree = "<group>";
		};
/* End PBXGroup section */

/* Begin PBXNativeTarget section */
		1566510B1CF4193A00976258 /* uIView */ = {
			isa = PBXNativeTarget;
			buildConfigurationList = 1566513C1CF4193B00976258 /* Build configuration list for PBXNativeTarget "uIView" */;
			buildPhases = (
				156651081CF4193A00976258 /* Sources */,
				156651091CF4193A00976258 /* Frameworks */,
				1566510A1CF4193A00976258 /* Resources */,
			);
			buildRules = (
			);
			dependencies = (
			);
			name = uIView;
			productName = uIView;
			productReference = 1566510C1CF4193A00976258 /* uIView.app */;
			productType = "com.apple.product-type.application";
		};
		156651271CF4193B00976258 /* uIViewTests */ = {
			isa = PBXNativeTarget;
			buildConfigurationList = 1566513F1CF4193B00976258 /* Build configuration list for PBXNativeTarget "uIViewTests" */;
			buildPhases = (
				156651241CF4193B00976258 /* Sources */,
				156651251CF4193B00976258 /* Frameworks */,
				156651261CF4193B00976258 /* Resources */,
			);
			buildRules = (
			);
			dependencies = (
				1566512A1CF4193B00976258 /* PBXTargetDependency */,
			);
			name = uIViewTests;
			productName = uIViewTests;
			productReference = 156651281CF4193B00976258 /* uIViewTests.xctest */;
			productType = "com.apple.product-type.bundle.unit-test";
		};
		156651321CF4193B00976258 /* uIViewUITests */ = {
			isa = PBXNativeTarget;
			buildConfigurationList = 156651421CF4193B00976258 /* Build configuration list for PBXNativeTarget "uIViewUITests" */;
			buildPhases = (
				1566512F1CF4193B00976258 /* Sources */,
				156651301CF4193B00976258 /* Frameworks */,
				156651311CF4193B00976258 /* Resources */,
			);
			buildRules = (
			);
			dependencies = (
				156651351CF4193B00976258 /* PBXTargetDependency */,
			);
			name = uIViewUITests;
			productName = uIViewUITests;
			productReference = 156651331CF4193B00976258 /* uIViewUITests.xctest */;
			productType = "com.apple.product-type.bundle.ui-testing";
		};
/* End PBXNativeTarget section */

/* Begin PBXProject section */
		156651041CF4193A00976258 /* Project object */ = {
			isa = PBXProject;
			attributes = {
				LastUpgradeCheck = 0730;
				ORGANIZATIONNAME = swpark;
				TargetAttributes = {
					1566510B1CF4193A00976258 = {
						CreatedOnToolsVersion = 7.3.1;
						DevelopmentTeam = 8J5BQA5RX8;
					};
					156651271CF4193B00976258 = {
						CreatedOnToolsVersion = 7.3.1;
						TestTargetID = 1566510B1CF4193A00976258;
					};
					156651321CF4193B00976258 = {
						CreatedOnToolsVersion = 7.3.1;
						TestTargetID = 1566510B1CF4193A00976258;
					};
				};
			};
			buildConfigurationList = 156651071CF4193A00976258 /* Build configuration list for PBXProject "uIView" */;
			compatibilityVersion = "Xcode 3.2";
			developmentRegion = English;
			hasScannedForEncodings = 0;
			knownRegions = (
				en,
				Base,
			);
			mainGroup = 156651031CF4193A00976258;
			productRefGroup = 1566510D1CF4193A00976258 /* Products */;
			projectDirPath = "";
			projectRoot = "";
			targets = (
				1566510B1CF4193A00976258 /* uIView */,
				156651271CF4193B00976258 /* uIViewTests */,
				156651321CF4193B00976258 /* uIViewUITests */,
			);
		};
/* End PBXProject section */

/* Begin PBXResourcesBuildPhase section */
		1566510A1CF4193A00976258 /* Resources */ = {
			isa = PBXResourcesBuildPhase;
			buildActionMask = 2147483647;
			files = (
				156651221CF4193A00976258 /* LaunchScreen.storyboard in Resources */,
				1566511F1CF4193A00976258 /* Assets.xcassets in Resources */,
				1566511A1CF4193A00976258 /* Main.storyboard in Resources */,
				156651461CF43CE200976258 /* tumblr_o4wv490Gni1u16n75o1_1280.jpg in Resources */,
			);
			runOnlyForDeploymentPostprocessing = 0;
		};
		156651261CF4193B00976258 /* Resources */ = {
			isa = PBXResourcesBuildPhase;
			buildActionMask = 2147483647;
			files = (
			);
			runOnlyForDeploymentPostprocessing = 0;
		};
		156651311CF4193B00976258 /* Resources */ = {
			isa = PBXResourcesBuildPhase;
			buildActionMask = 2147483647;
			files = (
			);
			runOnlyForDeploymentPostprocessing = 0;
		};
/* End PBXResourcesBuildPhase section */

/* Begin PBXSourcesBuildPhase section */
		156651081CF4193A00976258 /* Sources */ = {
			isa = PBXSourcesBuildPhase;
			buildActionMask = 2147483647;
			files = (
				1566511D1CF4193A00976258 /* uIView.xcdatamodeld in Sources */,
				156651171CF4193A00976258 /* ViewController.m in Sources */,
				156651141CF4193A00976258 /* AppDelegate.m in Sources */,
				156651111CF4193A00976258 /* main.m in Sources */,
			);
			runOnlyForDeploymentPostprocessing = 0;
		};
		156651241CF4193B00976258 /* Sources */ = {
			isa = PBXSourcesBuildPhase;
			buildActionMask = 2147483647;
			files = (
				1566512D1CF4193B00976258 /* uIViewTests.m in Sources */,
			);
			runOnlyForDeploymentPostprocessing = 0;
		};
		1566512F1CF4193B00976258 /* Sources */ = {
			isa = PBXSourcesBuildPhase;
			buildActionMask = 2147483647;
			files = (
				156651381CF4193B00976258 /* uIViewUITests.m in Sources */,
			);
			runOnlyForDeploymentPostprocessing = 0;
		};
/* End PBXSourcesBuildPhase section */

/* Begin PBXTargetDependency section */
		1566512A1CF4193B00976258 /* PBXTargetDependency */ = {
			isa = PBXTargetDependency;
			target = 1566510B1CF4193A00976258 /* uIView */;
			targetProxy = 156651291CF4193B00976258 /* PBXContainerItemProxy */;
		};
		156651351CF4193B00976258 /* PBXTargetDependency */ = {
			isa = PBXTargetDependency;
			target = 1566510B1CF4193A00976258 /* uIView */;
			targetProxy = 156651341CF4193B00976258 /* PBXContainerItemProxy */;
		};
/* End PBXTargetDependency section */

/* Begin PBXVariantGroup section */
		156651181CF4193A00976258 /* Main.storyboard */ = {
			isa = PBXVariantGroup;
			children = (
				156651191CF4193A00976258 /* Base */,
			);
			name = Main.storyboard;
			sourceTree = "<group>";
		};
		156651201CF4193A00976258 /* LaunchScreen.storyboard */ = {
			isa = PBXVariantGroup;
			children = (
				156651211CF4193A00976258 /* Base */,
			);
			name = LaunchScreen.storyboard;
			sourceTree = "<group>";
		};
/* End PBXVariantGroup section */

/* Begin XCBuildConfiguration section */
		1566513A1CF4193B00976258 /* Debug */ = {
			isa = XCBuildConfiguration;
			buildSettings = {
				ALWAYS_SEARCH_USER_PATHS = NO;
				CLANG_ANALYZER_NONNULL = YES;
				CLANG_CXX_LANGUAGE_STANDARD = "gnu++0x";
				CLANG_CXX_LIBRARY = "libc++";
				CLANG_ENABLE_MODULES = YES;
				CLANG_ENABLE_OBJC_ARC = YES;
				CLANG_WARN_BOOL_CONVERSION = YES;
				CLANG_WARN_CONSTANT_CONVERSION = YES;
				CLANG_WARN_DIRECT_OBJC_ISA_USAGE = YES_ERROR;
				CLANG_WARN_EMPTY_BODY = YES;
				CLANG_WARN_ENUM_CONVERSION = YES;
				CLANG_WARN_INT_CONVERSION = YES;
				CLANG_WARN_OBJC_ROOT_CLASS = YES_ERROR;
				CLANG_WARN_UNREACHABLE_CODE = YES;
				CLANG_WARN__DUPLICATE_METHOD_MATCH = YES;
				"CODE_SIGN_IDENTITY[sdk=iphoneos*]" = "iPhone Developer";
				COPY_PHASE_STRIP = NO;
				DEBUG_INFORMATION_FORMAT = dwarf;
				ENABLE_STRICT_OBJC_MSGSEND = YES;
				ENABLE_TESTABILITY = YES;
				GCC_C_LANGUAGE_STANDARD = gnu99;
				GCC_DYNAMIC_NO_PIC = NO;
				GCC_NO_COMMON_BLOCKS = YES;
				GCC_OPTIMIZATION_LEVEL = 0;
				GCC_PREPROCESSOR_DEFINITIONS = (
					"DEBUG=1",
					"$(inherited)",
				);
				GCC_WARN_64_TO_32_BIT_CONVERSION = YES;
				GCC_WARN_ABOUT_RETURN_TYPE = YES_ERROR;
				GCC_WARN_UNDECLARED_SELECTOR = YES;
				GCC_WARN_UNINITIALIZED_AUTOS = YES_AGGRESSIVE;
				GCC_WARN_UNUSED_FUNCTION = YES;
				GCC_WARN_UNUSED_VARIABLE = YES;
				IPHONEOS_DEPLOYMENT_TARGET = 9.3;
				MTL_ENABLE_DEBUG_INFO = YES;
				ONLY_ACTIVE_ARCH = YES;
				SDKROOT = iphoneos;
			};
			name = Debug;
		};
		1566513B1CF4193B00976258 /* Release */ = {
			isa = XCBuildConfiguration;
			buildSettings = {
				ALWAYS_SEARCH_USER_PATHS = NO;
				CLANG_ANALYZER_NONNULL = YES;
				CLANG_CXX_LANGUAGE_STANDARD = "gnu++0x";
				CLANG_CXX_LIBRARY = "libc++";
				CLANG_ENABLE_MODULES = YES;
				CLANG_ENABLE_OBJC_ARC = YES;
				CLANG_WARN_BOOL_CONVERSION = YES;
				CLANG_WARN_CONSTANT_CONVERSION = YES;
				CLANG_WARN_DIRECT_OBJC_ISA_USAGE = YES_ERROR;
				CLANG_WARN_EMPTY_BODY = YES;
				CLANG_WARN_ENUM_CONVERSION = YES;
				CLANG_WARN_INT_CONVERSION = YES;
				CLANG_WARN_OBJC_ROOT_CLASS = YES_ERROR;
				CLANG_WARN_UNREACHABLE_CODE = YES;
				CLANG_WARN__DUPLICATE_METHOD_MATCH = YES;
				"CODE_SIGN_IDENTITY[sdk=iphoneos*]" = "iPhone Developer";
				COPY_PHASE_STRIP = NO;
				DEBUG_INFORMATION_FORMAT = "dwarf-with-dsym";
				ENABLE_NS_ASSERTIONS = NO;
				ENABLE_STRICT_OBJC_MSGSEND = YES;
				GCC_C_LANGUAGE_STANDARD = gnu99;
				GCC_NO_COMMON_BLOCKS = YES;
				GCC_WARN_64_TO_32_BIT_CONVERSION = YES;
				GCC_WARN_ABOUT_RETURN_TYPE = YES_ERROR;
				GCC_WARN_UNDECLARED_SELECTOR = YES;
				GCC_WARN_UNINITIALIZED_AUTOS = YES_AGGRESSIVE;
				GCC_WARN_UNUSED_FUNCTION = YES;
				GCC_WARN_UNUSED_VARIABLE = YES;
				IPHONEOS_DEPLOYMENT_TARGET = 9.3;
				MTL_ENABLE_DEBUG_INFO = NO;
				SDKROOT = iphoneos;
				VALIDATE_PRODUCT = YES;
			};
			name = Release;
		};
		1566513D1CF4193B00976258 /* Debug */ = {
			isa = XCBuildConfiguration;
			buildSettings = {
				ASSETCATALOG_COMPILER_APPICON_NAME = AppIcon;
				CODE_SIGN_IDENTITY = "iPhone Developer";
				"CODE_SIGN_IDENTITY[sdk=iphoneos*]" = "iPhone Developer";
				INFOPLIST_FILE = uIView/Info.plist;
				LD_RUNPATH_SEARCH_PATHS = "$(inherited) @executable_path/Frameworks";
				PRODUCT_BUNDLE_IDENTIFIER = com.test.uIView;
				PRODUCT_NAME = "$(TARGET_NAME)";
				PROVISIONING_PROFILE = "";
			};
			name = Debug;
		};
		1566513E1CF4193B00976258 /* Release */ = {
			isa = XCBuildConfiguration;
			buildSettings = {
				ASSETCATALOG_COMPILER_APPICON_NAME = AppIcon;
				CODE_SIGN_IDENTITY = "iPhone Developer";
				"CODE_SIGN_IDENTITY[sdk=iphoneos*]" = "iPhone Developer";
				INFOPLIST_FILE = uIView/Info.plist;
				LD_RUNPATH_SEARCH_PATHS = "$(inherited) @executable_path/Frameworks";
				PRODUCT_BUNDLE_IDENTIFIER = com.test.uIView;
				PRODUCT_NAME = "$(TARGET_NAME)";
				PROVISIONING_PROFILE = "";
			};
			name = Release;
		};
		156651401CF4193B00976258 /* Debug */ = {
			isa = XCBuildConfiguration;
			buildSettings = {
				BUNDLE_LOADER = "$(TEST_HOST)";
				INFOPLIST_FILE = uIViewTests/Info.plist;
				LD_RUNPATH_SEARCH_PATHS = "$(inherited) @executable_path/Frameworks @loader_path/Frameworks";
				PRODUCT_BUNDLE_IDENTIFIER = com.test.uIViewTests;
				PRODUCT_NAME = "$(TARGET_NAME)";
				TEST_HOST = "$(BUILT_PRODUCTS_DIR)/uIView.app/uIView";
			};
			name = Debug;
		};
		156651411CF4193B00976258 /* Release */ = {
			isa = XCBuildConfiguration;
			buildSettings = {
				BUNDLE_LOADER = "$(TEST_HOST)";
				INFOPLIST_FILE = uIViewTests/Info.plist;
				LD_RUNPATH_SEARCH_PATHS = "$(inherited) @executable_path/Frameworks @loader_path/Frameworks";
				PRODUCT_BUNDLE_IDENTIFIER = com.test.uIViewTests;
				PRODUCT_NAME = "$(TARGET_NAME)";
				TEST_HOST = "$(BUILT_PRODUCTS_DIR)/uIView.app/uIView";
			};
			name = Release;
		};
		156651431CF4193B00976258 /* Debug */ = {
			isa = XCBuildConfiguration;
			buildSettings = {
				INFOPLIST_FILE = uIViewUITests/Info.plist;
				LD_RUNPATH_SEARCH_PATHS = "$(inherited) @executable_path/Frameworks @loader_path/Frameworks";
				PRODUCT_BUNDLE_IDENTIFIER = com.test.uIViewUITests;
				PRODUCT_NAME = "$(TARGET_NAME)";
				TEST_TARGET_NAME = uIView;
			};
			name = Debug;
		};
		156651441CF4193B00976258 /* Release */ = {
			isa = XCBuildConfiguration;
			buildSettings = {
				INFOPLIST_FILE = uIViewUITests/Info.plist;
				LD_RUNPATH_SEARCH_PATHS = "$(inherited) @executable_path/Frameworks @loader_path/Frameworks";
				PRODUCT_BUNDLE_IDENTIFIER = com.test.uIViewUITests;
				PRODUCT_NAME = "$(TARGET_NAME)";
				TEST_TARGET_NAME = uIView;
			};
			name = Release;
		};
/* End XCBuildConfiguration section */

/* Begin XCConfigurationList section */
		156651071CF4193A00976258 /* Build configuration list for PBXProject "uIView" */ = {
			isa = XCConfigurationList;
			buildConfigurations = (
				1566513A1CF4193B00976258 /* Debug */,
				1566513B1CF4193B00976258 /* Release */,
			);
			defaultConfigurationIsVisible = 0;
			defaultConfigurationName = Release;
		};
		1566513C1CF4193B00976258 /* Build configuration list for PBXNativeTarget "uIView" */ = {
			isa = XCConfigurationList;
			buildConfigurations = (
				1566513D1CF4193B00976258 /* Debug */,
				1566513E1CF4193B00976258 /* Release */,
			);
			defaultConfigurationIsVisible = 0;
		};
		1566513F1CF4193B00976258 /* Build configuration list for PBXNativeTarget "uIViewTests" */ = {
			isa = XCConfigurationList;
			buildConfigurations = (
				156651401CF4193B00976258 /* Debug */,
				156651411CF4193B00976258 /* Release */,
			);
			defaultConfigurationIsVisible = 0;
		};
		156651421CF4193B00976258 /* Build configuration list for PBXNativeTarget "uIViewUITests" */ = {
			isa = XCConfigurationList;
			buildConfigurations = (
				156651431CF4193B00976258 /* Debug */,
				156651441CF4193B00976258 /* Release */,
			);
			defaultConfigurationIsVisible = 0;
		};
/* End XCConfigurationList section */

/* Begin XCVersionGroup section */
		1566511B1CF4193A00976258 /* uIView.xcdatamodeld */ = {
			isa = XCVersionGroup;
			children = (
				1566511C1CF4193A00976258 /* uIView.xcdatamodel */,
			);
			currentVersion = 1566511C1CF4193A00976258 /* uIView.xcdatamodel */;
			path = uIView.xcdatamodeld;
			sourceTree = "<group>";
			versionGroupType = wrapper.xcdatamodel;
		};
/* End XCVersionGroup section */
	};
	rootObject = 156651041CF4193A00976258 /* Project object */;
}
