// !$*UTF8*$!
{
	archiveVersion = 1;
	classes = {
	};
	objectVersion = 46;
	objects = {

/* Begin PBXBuildFile section */
		1533F0501CF859C80080AC35 /* main.m in Sources */ = {isa = PBXBuildFile; fileRef = 1533F04F1CF859C80080AC35 /* main.m */; };
		1533F0531CF859C80080AC35 /* AppDelegate.m in Sources */ = {isa = PBXBuildFile; fileRef = 1533F0521CF859C80080AC35 /* AppDelegate.m */; };
		1533F0561CF859C80080AC35 /* ViewController.m in Sources */ = {isa = PBXBuildFile; fileRef = 1533F0551CF859C80080AC35 /* ViewController.m */; };
		1533F0591CF859C80080AC35 /* Main.storyboard in Resources */ = {isa = PBXBuildFile; fileRef = 1533F0571CF859C80080AC35 /* Main.storyboard */; };
		1533F05C1CF859C80080AC35 /* HW_webView.xcdatamodeld in Sources */ = {isa = PBXBuildFile; fileRef = 1533F05A1CF859C80080AC35 /* HW_webView.xcdatamodeld */; };
		1533F05E1CF859C80080AC35 /* Assets.xcassets in Resources */ = {isa = PBXBuildFile; fileRef = 1533F05D1CF859C80080AC35 /* Assets.xcassets */; };
		1533F0611CF859C80080AC35 /* LaunchScreen.storyboard in Resources */ = {isa = PBXBuildFile; fileRef = 1533F05F1CF859C80080AC35 /* LaunchScreen.storyboard */; };
		1533F06C1CF859C80080AC35 /* HW_webViewTests.m in Sources */ = {isa = PBXBuildFile; fileRef = 1533F06B1CF859C80080AC35 /* HW_webViewTests.m */; };
		1533F0771CF859C80080AC35 /* HW_webViewUITests.m in Sources */ = {isa = PBXBuildFile; fileRef = 1533F0761CF859C80080AC35 /* HW_webViewUITests.m */; };
/* End PBXBuildFile section */

/* Begin PBXContainerItemProxy section */
		1533F0681CF859C80080AC35 /* PBXContainerItemProxy */ = {
			isa = PBXContainerItemProxy;
			containerPortal = 1533F0431CF859C80080AC35 /* Project object */;
			proxyType = 1;
			remoteGlobalIDString = 1533F04A1CF859C80080AC35;
			remoteInfo = HW_webView;
		};
		1533F0731CF859C80080AC35 /* PBXContainerItemProxy */ = {
			isa = PBXContainerItemProxy;
			containerPortal = 1533F0431CF859C80080AC35 /* Project object */;
			proxyType = 1;
			remoteGlobalIDString = 1533F04A1CF859C80080AC35;
			remoteInfo = HW_webView;
		};
/* End PBXContainerItemProxy section */

/* Begin PBXFileReference section */
		1533F04B1CF859C80080AC35 /* HW_webView.app */ = {isa = PBXFileReference; explicitFileType = wrapper.application; includeInIndex = 0; path = HW_webView.app; sourceTree = BUILT_PRODUCTS_DIR; };
		1533F04F1CF859C80080AC35 /* main.m */ = {isa = PBXFileReference; lastKnownFileType = sourcecode.c.objc; path = main.m; sourceTree = "<group>"; };
		1533F0511CF859C80080AC35 /* AppDelegate.h */ = {isa = PBXFileReference; lastKnownFileType = sourcecode.c.h; path = AppDelegate.h; sourceTree = "<group>"; };
		1533F0521CF859C80080AC35 /* AppDelegate.m */ = {isa = PBXFileReference; lastKnownFileType = sourcecode.c.objc; path = AppDelegate.m; sourceTree = "<group>"; };
		1533F0541CF859C80080AC35 /* ViewController.h */ = {isa = PBXFileReference; lastKnownFileType = sourcecode.c.h; path = ViewController.h; sourceTree = "<group>"; };
		1533F0551CF859C80080AC35 /* ViewController.m */ = {isa = PBXFileReference; lastKnownFileType = sourcecode.c.objc; path = ViewController.m; sourceTree = "<group>"; };
		1533F0581CF859C80080AC35 /* Base */ = {isa = PBXFileReference; lastKnownFileType = file.storyboard; name = Base; path = Base.lproj/Main.storyboard; sourceTree = "<group>"; };
		1533F05B1CF859C80080AC35 /* HW_webView.xcdatamodel */ = {isa = PBXFileReference; lastKnownFileType = wrapper.xcdatamodel; path = HW_webView.xcdatamodel; sourceTree = "<group>"; };
		1533F05D1CF859C80080AC35 /* Assets.xcassets */ = {isa = PBXFileReference; lastKnownFileType = folder.assetcatalog; path = Assets.xcassets; sourceTree = "<group>"; };
		1533F0601CF859C80080AC35 /* Base */ = {isa = PBXFileReference; lastKnownFileType = file.storyboard; name = Base; path = Base.lproj/LaunchScreen.storyboard; sourceTree = "<group>"; };
		1533F0621CF859C80080AC35 /* Info.plist */ = {isa = PBXFileReference; lastKnownFileType = text.plist.xml; path = Info.plist; sourceTree = "<group>"; };
		1533F0671CF859C80080AC35 /* HW_webViewTests.xctest */ = {isa = PBXFileReference; explicitFileType = wrapper.cfbundle; includeInIndex = 0; path = HW_webViewTests.xctest; sourceTree = BUILT_PRODUCTS_DIR; };
		1533F06B1CF859C80080AC35 /* HW_webViewTests.m */ = {isa = PBXFileReference; lastKnownFileType = sourcecode.c.objc; path = HW_webViewTests.m; sourceTree = "<group>"; };
		1533F06D1CF859C80080AC35 /* Info.plist */ = {isa = PBXFileReference; lastKnownFileType = text.plist.xml; path = Info.plist; sourceTree = "<group>"; };
		1533F0721CF859C80080AC35 /* HW_webViewUITests.xctest */ = {isa = PBXFileReference; explicitFileType = wrapper.cfbundle; includeInIndex = 0; path = HW_webViewUITests.xctest; sourceTree = BUILT_PRODUCTS_DIR; };
		1533F0761CF859C80080AC35 /* HW_webViewUITests.m */ = {isa = PBXFileReference; lastKnownFileType = sourcecode.c.objc; path = HW_webViewUITests.m; sourceTree = "<group>"; };
		1533F0781CF859C80080AC35 /* Info.plist */ = {isa = PBXFileReference; lastKnownFileType = text.plist.xml; path = Info.plist; sourceTree = "<group>"; };
/* End PBXFileReference section */

/* Begin PBXFrameworksBuildPhase section */
		1533F0481CF859C80080AC35 /* Frameworks */ = {
			isa = PBXFrameworksBuildPhase;
			buildActionMask = 2147483647;
			files = (
			);
			runOnlyForDeploymentPostprocessing = 0;
		};
		1533F0641CF859C80080AC35 /* Frameworks */ = {
			isa = PBXFrameworksBuildPhase;
			buildActionMask = 2147483647;
			files = (
			);
			runOnlyForDeploymentPostprocessing = 0;
		};
		1533F06F1CF859C80080AC35 /* Frameworks */ = {
			isa = PBXFrameworksBuildPhase;
			buildActionMask = 2147483647;
			files = (
			);
			runOnlyForDeploymentPostprocessing = 0;
		};
/* End PBXFrameworksBuildPhase section */

/* Begin PBXGroup section */
		1533F0421CF859C80080AC35 = {
			isa = PBXGroup;
			children = (
				1533F04D1CF859C80080AC35 /* HW_webView */,
				1533F06A1CF859C80080AC35 /* HW_webViewTests */,
				1533F0751CF859C80080AC35 /* HW_webViewUITests */,
				1533F04C1CF859C80080AC35 /* Products */,
			);
			sourceTree = "<group>";
		};
		1533F04C1CF859C80080AC35 /* Products */ = {
			isa = PBXGroup;
			children = (
				1533F04B1CF859C80080AC35 /* HW_webView.app */,
				1533F0671CF859C80080AC35 /* HW_webViewTests.xctest */,
				1533F0721CF859C80080AC35 /* HW_webViewUITests.xctest */,
			);
			name = Products;
			sourceTree = "<group>";
		};
		1533F04D1CF859C80080AC35 /* HW_webView */ = {
			isa = PBXGroup;
			children = (
				1533F0511CF859C80080AC35 /* AppDelegate.h */,
				1533F0521CF859C80080AC35 /* AppDelegate.m */,
				1533F0541CF859C80080AC35 /* ViewController.h */,
				1533F0551CF859C80080AC35 /* ViewController.m */,
				1533F0571CF859C80080AC35 /* Main.storyboard */,
				1533F05D1CF859C80080AC35 /* Assets.xcassets */,
				1533F05F1CF859C80080AC35 /* LaunchScreen.storyboard */,
				1533F0621CF859C80080AC35 /* Info.plist */,
				1533F05A1CF859C80080AC35 /* HW_webView.xcdatamodeld */,
				1533F04E1CF859C80080AC35 /* Supporting Files */,
			);
			path = HW_webView;
			sourceTree = "<group>";
		};
		1533F04E1CF859C80080AC35 /* Supporting Files */ = {
			isa = PBXGroup;
			children = (
				1533F04F1CF859C80080AC35 /* main.m */,
			);
			name = "Supporting Files";
			sourceTree = "<group>";
		};
		1533F06A1CF859C80080AC35 /* HW_webViewTests */ = {
			isa = PBXGroup;
			children = (
				1533F06B1CF859C80080AC35 /* HW_webViewTests.m */,
				1533F06D1CF859C80080AC35 /* Info.plist */,
			);
			path = HW_webViewTests;
			sourceTree = "<group>";
		};
		1533F0751CF859C80080AC35 /* HW_webViewUITests */ = {
			isa = PBXGroup;
			children = (
				1533F0761CF859C80080AC35 /* HW_webViewUITests.m */,
				1533F0781CF859C80080AC35 /* Info.plist */,
			);
			path = HW_webViewUITests;
			sourceTree = "<group>";
		};
/* End PBXGroup section */

/* Begin PBXNativeTarget section */
		1533F04A1CF859C80080AC35 /* HW_webView */ = {
			isa = PBXNativeTarget;
			buildConfigurationList = 1533F07B1CF859C80080AC35 /* Build configuration list for PBXNativeTarget "HW_webView" */;
			buildPhases = (
				1533F0471CF859C80080AC35 /* Sources */,
				1533F0481CF859C80080AC35 /* Frameworks */,
				1533F0491CF859C80080AC35 /* Resources */,
			);
			buildRules = (
			);
			dependencies = (
			);
			name = HW_webView;
			productName = HW_webView;
			productReference = 1533F04B1CF859C80080AC35 /* HW_webView.app */;
			productType = "com.apple.product-type.application";
		};
		1533F0661CF859C80080AC35 /* HW_webViewTests */ = {
			isa = PBXNativeTarget;
			buildConfigurationList = 1533F07E1CF859C80080AC35 /* Build configuration list for PBXNativeTarget "HW_webViewTests" */;
			buildPhases = (
				1533F0631CF859C80080AC35 /* Sources */,
				1533F0641CF859C80080AC35 /* Frameworks */,
				1533F0651CF859C80080AC35 /* Resources */,
			);
			buildRules = (
			);
			dependencies = (
				1533F0691CF859C80080AC35 /* PBXTargetDependency */,
			);
			name = HW_webViewTests;
			productName = HW_webViewTests;
			productReference = 1533F0671CF859C80080AC35 /* HW_webViewTests.xctest */;
			productType = "com.apple.product-type.bundle.unit-test";
		};
		1533F0711CF859C80080AC35 /* HW_webViewUITests */ = {
			isa = PBXNativeTarget;
			buildConfigurationList = 1533F0811CF859C80080AC35 /* Build configuration list for PBXNativeTarget "HW_webViewUITests" */;
			buildPhases = (
				1533F06E1CF859C80080AC35 /* Sources */,
				1533F06F1CF859C80080AC35 /* Frameworks */,
				1533F0701CF859C80080AC35 /* Resources */,
			);
			buildRules = (
			);
			dependencies = (
				1533F0741CF859C80080AC35 /* PBXTargetDependency */,
			);
			name = HW_webViewUITests;
			productName = HW_webViewUITests;
			productReference = 1533F0721CF859C80080AC35 /* HW_webViewUITests.xctest */;
			productType = "com.apple.product-type.bundle.ui-testing";
		};
/* End PBXNativeTarget section */

/* Begin PBXProject section */
		1533F0431CF859C80080AC35 /* Project object */ = {
			isa = PBXProject;
			attributes = {
				LastUpgradeCheck = 0730;
				ORGANIZATIONNAME = swpark;
				TargetAttributes = {
					1533F04A1CF859C80080AC35 = {
						CreatedOnToolsVersion = 7.3.1;
					};
					1533F0661CF859C80080AC35 = {
						CreatedOnToolsVersion = 7.3.1;
						TestTargetID = 1533F04A1CF859C80080AC35;
					};
					1533F0711CF859C80080AC35 = {
						CreatedOnToolsVersion = 7.3.1;
						TestTargetID = 1533F04A1CF859C80080AC35;
					};
				};
			};
			buildConfigurationList = 1533F0461CF859C80080AC35 /* Build configuration list for PBXProject "HW_webView" */;
			compatibilityVersion = "Xcode 3.2";
			developmentRegion = English;
			hasScannedForEncodings = 0;
			knownRegions = (
				en,
				Base,
			);
			mainGroup = 1533F0421CF859C80080AC35;
			productRefGroup = 1533F04C1CF859C80080AC35 /* Products */;
			projectDirPath = "";
			projectRoot = "";
			targets = (
				1533F04A1CF859C80080AC35 /* HW_webView */,
				1533F0661CF859C80080AC35 /* HW_webViewTests */,
				1533F0711CF859C80080AC35 /* HW_webViewUITests */,
			);
		};
/* End PBXProject section */

/* Begin PBXResourcesBuildPhase section */
		1533F0491CF859C80080AC35 /* Resources */ = {
			isa = PBXResourcesBuildPhase;
			buildActionMask = 2147483647;
			files = (
				1533F0611CF859C80080AC35 /* LaunchScreen.storyboard in Resources */,
				1533F05E1CF859C80080AC35 /* Assets.xcassets in Resources */,
				1533F0591CF859C80080AC35 /* Main.storyboard in Resources */,
			);
			runOnlyForDeploymentPostprocessing = 0;
		};
		1533F0651CF859C80080AC35 /* Resources */ = {
			isa = PBXResourcesBuildPhase;
			buildActionMask = 2147483647;
			files = (
			);
			runOnlyForDeploymentPostprocessing = 0;
		};
		1533F0701CF859C80080AC35 /* Resources */ = {
			isa = PBXResourcesBuildPhase;
			buildActionMask = 2147483647;
			files = (
			);
			runOnlyForDeploymentPostprocessing = 0;
		};
/* End PBXResourcesBuildPhase section */

/* Begin PBXSourcesBuildPhase section */
		1533F0471CF859C80080AC35 /* Sources */ = {
			isa = PBXSourcesBuildPhase;
			buildActionMask = 2147483647;
			files = (
				1533F0561CF859C80080AC35 /* ViewController.m in Sources */,
				1533F0531CF859C80080AC35 /* AppDelegate.m in Sources */,
				1533F05C1CF859C80080AC35 /* HW_webView.xcdatamodeld in Sources */,
				1533F0501CF859C80080AC35 /* main.m in Sources */,
			);
			runOnlyForDeploymentPostprocessing = 0;
		};
		1533F0631CF859C80080AC35 /* Sources */ = {
			isa = PBXSourcesBuildPhase;
			buildActionMask = 2147483647;
			files = (
				1533F06C1CF859C80080AC35 /* HW_webViewTests.m in Sources */,
			);
			runOnlyForDeploymentPostprocessing = 0;
		};
		1533F06E1CF859C80080AC35 /* Sources */ = {
			isa = PBXSourcesBuildPhase;
			buildActionMask = 2147483647;
			files = (
				1533F0771CF859C80080AC35 /* HW_webViewUITests.m in Sources */,
			);
			runOnlyForDeploymentPostprocessing = 0;
		};
/* End PBXSourcesBuildPhase section */

/* Begin PBXTargetDependency section */
		1533F0691CF859C80080AC35 /* PBXTargetDependency */ = {
			isa = PBXTargetDependency;
			target = 1533F04A1CF859C80080AC35 /* HW_webView */;
			targetProxy = 1533F0681CF859C80080AC35 /* PBXContainerItemProxy */;
		};
		1533F0741CF859C80080AC35 /* PBXTargetDependency */ = {
			isa = PBXTargetDependency;
			target = 1533F04A1CF859C80080AC35 /* HW_webView */;
			targetProxy = 1533F0731CF859C80080AC35 /* PBXContainerItemProxy */;
		};
/* End PBXTargetDependency section */

/* Begin PBXVariantGroup section */
		1533F0571CF859C80080AC35 /* Main.storyboard */ = {
			isa = PBXVariantGroup;
			children = (
				1533F0581CF859C80080AC35 /* Base */,
			);
			name = Main.storyboard;
			sourceTree = "<group>";
		};
		1533F05F1CF859C80080AC35 /* LaunchScreen.storyboard */ = {
			isa = PBXVariantGroup;
			children = (
				1533F0601CF859C80080AC35 /* Base */,
			);
			name = LaunchScreen.storyboard;
			sourceTree = "<group>";
		};
/* End PBXVariantGroup section */

/* Begin XCBuildConfiguration section */
		1533F0791CF859C80080AC35 /* Debug */ = {
			isa = XCBuildConfiguration;
			buildSettings = {
				ALWAYS_SEARCH_USER_PATHS = NO;
				CLANG_ANALYZER_NONNULL = YES;
				CLANG_CXX_LANGUAGE_STANDARD = "gnu++0x";
				CLANG_CXX_LIBRARY = "libc++";
				CLANG_ENABLE_MODULES = YES;
				CLANG_ENABLE_OBJC_ARC = YES;
				CLANG_WARN_BOOL_CONVERSION = YES;
				CLANG_WARN_CONSTANT_CONVERSION = YES;
				CLANG_WARN_DIRECT_OBJC_ISA_USAGE = YES_ERROR;
				CLANG_WARN_EMPTY_BODY = YES;
				CLANG_WARN_ENUM_CONVERSION = YES;
				CLANG_WARN_INT_CONVERSION = YES;
				CLANG_WARN_OBJC_ROOT_CLASS = YES_ERROR;
				CLANG_WARN_UNREACHABLE_CODE = YES;
				CLANG_WARN__DUPLICATE_METHOD_MATCH = YES;
				"CODE_SIGN_IDENTITY[sdk=iphoneos*]" = "iPhone Developer";
				COPY_PHASE_STRIP = NO;
				DEBUG_INFORMATION_FORMAT = dwarf;
				ENABLE_STRICT_OBJC_MSGSEND = YES;
				ENABLE_TESTABILITY = YES;
				GCC_C_LANGUAGE_STANDARD = gnu99;
				GCC_DYNAMIC_NO_PIC = NO;
				GCC_NO_COMMON_BLOCKS = YES;
				GCC_OPTIMIZATION_LEVEL = 0;
				GCC_PREPROCESSOR_DEFINITIONS = (
					"DEBUG=1",
					"$(inherited)",
				);
				GCC_WARN_64_TO_32_BIT_CONVERSION = YES;
				GCC_WARN_ABOUT_RETURN_TYPE = YES_ERROR;
				GCC_WARN_UNDECLARED_SELECTOR = YES;
				GCC_WARN_UNINITIALIZED_AUTOS = YES_AGGRESSIVE;
				GCC_WARN_UNUSED_FUNCTION = YES;
				GCC_WARN_UNUSED_VARIABLE = YES;
				IPHONEOS_DEPLOYMENT_TARGET = 9.3;
				MTL_ENABLE_DEBUG_INFO = YES;
				ONLY_ACTIVE_ARCH = YES;
				SDKROOT = iphoneos;
			};
			name = Debug;
		};
		1533F07A1CF859C80080AC35 /* Release */ = {
			isa = XCBuildConfiguration;
			buildSettings = {
				ALWAYS_SEARCH_USER_PATHS = NO;
				CLANG_ANALYZER_NONNULL = YES;
				CLANG_CXX_LANGUAGE_STANDARD = "gnu++0x";
				CLANG_CXX_LIBRARY = "libc++";
				CLANG_ENABLE_MODULES = YES;
				CLANG_ENABLE_OBJC_ARC = YES;
				CLANG_WARN_BOOL_CONVERSION = YES;
				CLANG_WARN_CONSTANT_CONVERSION = YES;
				CLANG_WARN_DIRECT_OBJC_ISA_USAGE = YES_ERROR;
				CLANG_WARN_EMPTY_BODY = YES;
				CLANG_WARN_ENUM_CONVERSION = YES;
				CLANG_WARN_INT_CONVERSION = YES;
				CLANG_WARN_OBJC_ROOT_CLASS = YES_ERROR;
				CLANG_WARN_UNREACHABLE_CODE = YES;
				CLANG_WARN__DUPLICATE_METHOD_MATCH = YES;
				"CODE_SIGN_IDENTITY[sdk=iphoneos*]" = "iPhone Developer";
				COPY_PHASE_STRIP = NO;
				DEBUG_INFORMATION_FORMAT = "dwarf-with-dsym";
				ENABLE_NS_ASSERTIONS = NO;
				ENABLE_STRICT_OBJC_MSGSEND = YES;
				GCC_C_LANGUAGE_STANDARD = gnu99;
				GCC_NO_COMMON_BLOCKS = YES;
				GCC_WARN_64_TO_32_BIT_CONVERSION = YES;
				GCC_WARN_ABOUT_RETURN_TYPE = YES_ERROR;
				GCC_WARN_UNDECLARED_SELECTOR = YES;
				GCC_WARN_UNINITIALIZED_AUTOS = YES_AGGRESSIVE;
				GCC_WARN_UNUSED_FUNCTION = YES;
				GCC_WARN_UNUSED_VARIABLE = YES;
				IPHONEOS_DEPLOYMENT_TARGET = 9.3;
				MTL_ENABLE_DEBUG_INFO = NO;
				SDKROOT = iphoneos;
				VALIDATE_PRODUCT = YES;
			};
			name = Release;
		};
		1533F07C1CF859C80080AC35 /* Debug */ = {
			isa = XCBuildConfiguration;
			buildSettings = {
				ASSETCATALOG_COMPILER_APPICON_NAME = AppIcon;
				INFOPLIST_FILE = HW_webView/Info.plist;
				LD_RUNPATH_SEARCH_PATHS = "$(inherited) @executable_path/Frameworks";
				PRODUCT_BUNDLE_IDENTIFIER = "com.test.HW-webView";
				PRODUCT_NAME = "$(TARGET_NAME)";
			};
			name = Debug;
		};
		1533F07D1CF859C80080AC35 /* Release */ = {
			isa = XCBuildConfiguration;
			buildSettings = {
				ASSETCATALOG_COMPILER_APPICON_NAME = AppIcon;
				INFOPLIST_FILE = HW_webView/Info.plist;
				LD_RUNPATH_SEARCH_PATHS = "$(inherited) @executable_path/Frameworks";
				PRODUCT_BUNDLE_IDENTIFIER = "com.test.HW-webView";
				PRODUCT_NAME = "$(TARGET_NAME)";
			};
			name = Release;
		};
		1533F07F1CF859C80080AC35 /* Debug */ = {
			isa = XCBuildConfiguration;
			buildSettings = {
				BUNDLE_LOADER = "$(TEST_HOST)";
				INFOPLIST_FILE = HW_webViewTests/Info.plist;
				LD_RUNPATH_SEARCH_PATHS = "$(inherited) @executable_path/Frameworks @loader_path/Frameworks";
				PRODUCT_BUNDLE_IDENTIFIER = "com.test.HW-webViewTests";
				PRODUCT_NAME = "$(TARGET_NAME)";
				TEST_HOST = "$(BUILT_PRODUCTS_DIR)/HW_webView.app/HW_webView";
			};
			name = Debug;
		};
		1533F0801CF859C80080AC35 /* Release */ = {
			isa = XCBuildConfiguration;
			buildSettings = {
				BUNDLE_LOADER = "$(TEST_HOST)";
				INFOPLIST_FILE = HW_webViewTests/Info.plist;
				LD_RUNPATH_SEARCH_PATHS = "$(inherited) @executable_path/Frameworks @loader_path/Frameworks";
				PRODUCT_BUNDLE_IDENTIFIER = "com.test.HW-webViewTests";
				PRODUCT_NAME = "$(TARGET_NAME)";
				TEST_HOST = "$(BUILT_PRODUCTS_DIR)/HW_webView.app/HW_webView";
			};
			name = Release;
		};
		1533F0821CF859C80080AC35 /* Debug */ = {
			isa = XCBuildConfiguration;
			buildSettings = {
				INFOPLIST_FILE = HW_webViewUITests/Info.plist;
				LD_RUNPATH_SEARCH_PATHS = "$(inherited) @executable_path/Frameworks @loader_path/Frameworks";
				PRODUCT_BUNDLE_IDENTIFIER = "com.test.HW-webViewUITests";
				PRODUCT_NAME = "$(TARGET_NAME)";
				TEST_TARGET_NAME = HW_webView;
			};
			name = Debug;
		};
		1533F0831CF859C80080AC35 /* Release */ = {
			isa = XCBuildConfiguration;
			buildSettings = {
				INFOPLIST_FILE = HW_webViewUITests/Info.plist;
				LD_RUNPATH_SEARCH_PATHS = "$(inherited) @executable_path/Frameworks @loader_path/Frameworks";
				PRODUCT_BUNDLE_IDENTIFIER = "com.test.HW-webViewUITests";
				PRODUCT_NAME = "$(TARGET_NAME)";
				TEST_TARGET_NAME = HW_webView;
			};
			name = Release;
		};
/* End XCBuildConfiguration section */

/* Begin XCConfigurationList section */
		1533F0461CF859C80080AC35 /* Build configuration list for PBXProject "HW_webView" */ = {
			isa = XCConfigurationList;
			buildConfigurations = (
				1533F0791CF859C80080AC35 /* Debug */,
				1533F07A1CF859C80080AC35 /* Release */,
			);
			defaultConfigurationIsVisible = 0;
			defaultConfigurationName = Release;
		};
		1533F07B1CF859C80080AC35 /* Build configuration list for PBXNativeTarget "HW_webView" */ = {
			isa = XCConfigurationList;
			buildConfigurations = (
				1533F07C1CF859C80080AC35 /* Debug */,
				1533F07D1CF859C80080AC35 /* Release */,
			);
			defaultConfigurationIsVisible = 0;
			defaultConfigurationName = Release;
		};
		1533F07E1CF859C80080AC35 /* Build configuration list for PBXNativeTarget "HW_webViewTests" */ = {
			isa = XCConfigurationList;
			buildConfigurations = (
				1533F07F1CF859C80080AC35 /* Debug */,
				1533F0801CF859C80080AC35 /* Release */,
			);
			defaultConfigurationIsVisible = 0;
			defaultConfigurationName = Release;
		};
		1533F0811CF859C80080AC35 /* Build configuration list for PBXNativeTarget "HW_webViewUITests" */ = {
			isa = XCConfigurationList;
			buildConfigurations = (
				1533F0821CF859C80080AC35 /* Debug */,
				1533F0831CF859C80080AC35 /* Release */,
			);
			defaultConfigurationIsVisible = 0;
			defaultConfigurationName = Release;
		};
/* End XCConfigurationList section */

/* Begin XCVersionGroup section */
		1533F05A1CF859C80080AC35 /* HW_webView.xcdatamodeld */ = {
			isa = XCVersionGroup;
			children = (
				1533F05B1CF859C80080AC35 /* HW_webView.xcdatamodel */,
			);
			currentVersion = 1533F05B1CF859C80080AC35 /* HW_webView.xcdatamodel */;
			path = HW_webView.xcdatamodeld;
			sourceTree = "<group>";
			versionGroupType = wrapper.xcdatamodel;
		};
/* End XCVersionGroup section */
	};
	rootObject = 1533F0431CF859C80080AC35 /* Project object */;
}
