// !$*UTF8*$!
{
	archiveVersion = 1;
	classes = {
	};
	objectVersion = 46;
	objects = {

/* Begin PBXBuildFile section */
		152A82411D0A5F5D00E1642D /* main.m in Sources */ = {isa = PBXBuildFile; fileRef = 152A82401D0A5F5D00E1642D /* main.m */; };
		152A82441D0A5F5D00E1642D /* AppDelegate.m in Sources */ = {isa = PBXBuildFile; fileRef = 152A82431D0A5F5D00E1642D /* AppDelegate.m */; };
		152A82471D0A5F5D00E1642D /* ViewController.m in Sources */ = {isa = PBXBuildFile; fileRef = 152A82461D0A5F5D00E1642D /* ViewController.m */; };
		152A824A1D0A5F5D00E1642D /* Main.storyboard in Resources */ = {isa = PBXBuildFile; fileRef = 152A82481D0A5F5D00E1642D /* Main.storyboard */; };
		152A824D1D0A5F5D00E1642D /* myImagePicker.xcdatamodeld in Sources */ = {isa = PBXBuildFile; fileRef = 152A824B1D0A5F5D00E1642D /* myImagePicker.xcdatamodeld */; };
		152A824F1D0A5F5D00E1642D /* Assets.xcassets in Resources */ = {isa = PBXBuildFile; fileRef = 152A824E1D0A5F5D00E1642D /* Assets.xcassets */; };
		152A82521D0A5F5D00E1642D /* LaunchScreen.storyboard in Resources */ = {isa = PBXBuildFile; fileRef = 152A82501D0A5F5D00E1642D /* LaunchScreen.storyboard */; };
		152A825D1D0A5F5E00E1642D /* myImagePickerTests.m in Sources */ = {isa = PBXBuildFile; fileRef = 152A825C1D0A5F5E00E1642D /* myImagePickerTests.m */; };
		152A82681D0A5F5E00E1642D /* myImagePickerUITests.m in Sources */ = {isa = PBXBuildFile; fileRef = 152A82671D0A5F5E00E1642D /* myImagePickerUITests.m */; };
/* End PBXBuildFile section */

/* Begin PBXContainerItemProxy section */
		152A82591D0A5F5E00E1642D /* PBXContainerItemProxy */ = {
			isa = PBXContainerItemProxy;
			containerPortal = 152A82341D0A5F5D00E1642D /* Project object */;
			proxyType = 1;
			remoteGlobalIDString = 152A823B1D0A5F5D00E1642D;
			remoteInfo = myImagePicker;
		};
		152A82641D0A5F5E00E1642D /* PBXContainerItemProxy */ = {
			isa = PBXContainerItemProxy;
			containerPortal = 152A82341D0A5F5D00E1642D /* Project object */;
			proxyType = 1;
			remoteGlobalIDString = 152A823B1D0A5F5D00E1642D;
			remoteInfo = myImagePicker;
		};
/* End PBXContainerItemProxy section */

/* Begin PBXFileReference section */
		152A823C1D0A5F5D00E1642D /* myImagePicker.app */ = {isa = PBXFileReference; explicitFileType = wrapper.application; includeInIndex = 0; path = myImagePicker.app; sourceTree = BUILT_PRODUCTS_DIR; };
		152A82401D0A5F5D00E1642D /* main.m */ = {isa = PBXFileReference; lastKnownFileType = sourcecode.c.objc; path = main.m; sourceTree = "<group>"; };
		152A82421D0A5F5D00E1642D /* AppDelegate.h */ = {isa = PBXFileReference; lastKnownFileType = sourcecode.c.h; path = AppDelegate.h; sourceTree = "<group>"; };
		152A82431D0A5F5D00E1642D /* AppDelegate.m */ = {isa = PBXFileReference; lastKnownFileType = sourcecode.c.objc; path = AppDelegate.m; sourceTree = "<group>"; };
		152A82451D0A5F5D00E1642D /* ViewController.h */ = {isa = PBXFileReference; lastKnownFileType = sourcecode.c.h; path = ViewController.h; sourceTree = "<group>"; };
		152A82461D0A5F5D00E1642D /* ViewController.m */ = {isa = PBXFileReference; lastKnownFileType = sourcecode.c.objc; path = ViewController.m; sourceTree = "<group>"; };
		152A82491D0A5F5D00E1642D /* Base */ = {isa = PBXFileReference; lastKnownFileType = file.storyboard; name = Base; path = Base.lproj/Main.storyboard; sourceTree = "<group>"; };
		152A824C1D0A5F5D00E1642D /* myImagePicker.xcdatamodel */ = {isa = PBXFileReference; lastKnownFileType = wrapper.xcdatamodel; path = myImagePicker.xcdatamodel; sourceTree = "<group>"; };
		152A824E1D0A5F5D00E1642D /* Assets.xcassets */ = {isa = PBXFileReference; lastKnownFileType = folder.assetcatalog; path = Assets.xcassets; sourceTree = "<group>"; };
		152A82511D0A5F5D00E1642D /* Base */ = {isa = PBXFileReference; lastKnownFileType = file.storyboard; name = Base; path = Base.lproj/LaunchScreen.storyboard; sourceTree = "<group>"; };
		152A82531D0A5F5D00E1642D /* Info.plist */ = {isa = PBXFileReference; lastKnownFileType = text.plist.xml; path = Info.plist; sourceTree = "<group>"; };
		152A82581D0A5F5E00E1642D /* myImagePickerTests.xctest */ = {isa = PBXFileReference; explicitFileType = wrapper.cfbundle; includeInIndex = 0; path = myImagePickerTests.xctest; sourceTree = BUILT_PRODUCTS_DIR; };
		152A825C1D0A5F5E00E1642D /* myImagePickerTests.m */ = {isa = PBXFileReference; lastKnownFileType = sourcecode.c.objc; path = myImagePickerTests.m; sourceTree = "<group>"; };
		152A825E1D0A5F5E00E1642D /* Info.plist */ = {isa = PBXFileReference; lastKnownFileType = text.plist.xml; path = Info.plist; sourceTree = "<group>"; };
		152A82631D0A5F5E00E1642D /* myImagePickerUITests.xctest */ = {isa = PBXFileReference; explicitFileType = wrapper.cfbundle; includeInIndex = 0; path = myImagePickerUITests.xctest; sourceTree = BUILT_PRODUCTS_DIR; };
		152A82671D0A5F5E00E1642D /* myImagePickerUITests.m */ = {isa = PBXFileReference; lastKnownFileType = sourcecode.c.objc; path = myImagePickerUITests.m; sourceTree = "<group>"; };
		152A82691D0A5F5E00E1642D /* Info.plist */ = {isa = PBXFileReference; lastKnownFileType = text.plist.xml; path = Info.plist; sourceTree = "<group>"; };
/* End PBXFileReference section */

/* Begin PBXFrameworksBuildPhase section */
		152A82391D0A5F5D00E1642D /* Frameworks */ = {
			isa = PBXFrameworksBuildPhase;
			buildActionMask = 2147483647;
			files = (
			);
			runOnlyForDeploymentPostprocessing = 0;
		};
		152A82551D0A5F5E00E1642D /* Frameworks */ = {
			isa = PBXFrameworksBuildPhase;
			buildActionMask = 2147483647;
			files = (
			);
			runOnlyForDeploymentPostprocessing = 0;
		};
		152A82601D0A5F5E00E1642D /* Frameworks */ = {
			isa = PBXFrameworksBuildPhase;
			buildActionMask = 2147483647;
			files = (
			);
			runOnlyForDeploymentPostprocessing = 0;
		};
/* End PBXFrameworksBuildPhase section */

/* Begin PBXGroup section */
		152A82331D0A5F5D00E1642D = {
			isa = PBXGroup;
			children = (
				152A823E1D0A5F5D00E1642D /* myImagePicker */,
				152A825B1D0A5F5E00E1642D /* myImagePickerTests */,
				152A82661D0A5F5E00E1642D /* myImagePickerUITests */,
				152A823D1D0A5F5D00E1642D /* Products */,
			);
			sourceTree = "<group>";
		};
		152A823D1D0A5F5D00E1642D /* Products */ = {
			isa = PBXGroup;
			children = (
				152A823C1D0A5F5D00E1642D /* myImagePicker.app */,
				152A82581D0A5F5E00E1642D /* myImagePickerTests.xctest */,
				152A82631D0A5F5E00E1642D /* myImagePickerUITests.xctest */,
			);
			name = Products;
			sourceTree = "<group>";
		};
		152A823E1D0A5F5D00E1642D /* myImagePicker */ = {
			isa = PBXGroup;
			children = (
				152A82421D0A5F5D00E1642D /* AppDelegate.h */,
				152A82431D0A5F5D00E1642D /* AppDelegate.m */,
				152A82451D0A5F5D00E1642D /* ViewController.h */,
				152A82461D0A5F5D00E1642D /* ViewController.m */,
				152A82481D0A5F5D00E1642D /* Main.storyboard */,
				152A824E1D0A5F5D00E1642D /* Assets.xcassets */,
				152A82501D0A5F5D00E1642D /* LaunchScreen.storyboard */,
				152A82531D0A5F5D00E1642D /* Info.plist */,
				152A824B1D0A5F5D00E1642D /* myImagePicker.xcdatamodeld */,
				152A823F1D0A5F5D00E1642D /* Supporting Files */,
			);
			path = myImagePicker;
			sourceTree = "<group>";
		};
		152A823F1D0A5F5D00E1642D /* Supporting Files */ = {
			isa = PBXGroup;
			children = (
				152A82401D0A5F5D00E1642D /* main.m */,
			);
			name = "Supporting Files";
			sourceTree = "<group>";
		};
		152A825B1D0A5F5E00E1642D /* myImagePickerTests */ = {
			isa = PBXGroup;
			children = (
				152A825C1D0A5F5E00E1642D /* myImagePickerTests.m */,
				152A825E1D0A5F5E00E1642D /* Info.plist */,
			);
			path = myImagePickerTests;
			sourceTree = "<group>";
		};
		152A82661D0A5F5E00E1642D /* myImagePickerUITests */ = {
			isa = PBXGroup;
			children = (
				152A82671D0A5F5E00E1642D /* myImagePickerUITests.m */,
				152A82691D0A5F5E00E1642D /* Info.plist */,
			);
			path = myImagePickerUITests;
			sourceTree = "<group>";
		};
/* End PBXGroup section */

/* Begin PBXNativeTarget section */
		152A823B1D0A5F5D00E1642D /* myImagePicker */ = {
			isa = PBXNativeTarget;
			buildConfigurationList = 152A826C1D0A5F5E00E1642D /* Build configuration list for PBXNativeTarget "myImagePicker" */;
			buildPhases = (
				152A82381D0A5F5D00E1642D /* Sources */,
				152A82391D0A5F5D00E1642D /* Frameworks */,
				152A823A1D0A5F5D00E1642D /* Resources */,
			);
			buildRules = (
			);
			dependencies = (
			);
			name = myImagePicker;
			productName = myImagePicker;
			productReference = 152A823C1D0A5F5D00E1642D /* myImagePicker.app */;
			productType = "com.apple.product-type.application";
		};
		152A82571D0A5F5E00E1642D /* myImagePickerTests */ = {
			isa = PBXNativeTarget;
			buildConfigurationList = 152A826F1D0A5F5E00E1642D /* Build configuration list for PBXNativeTarget "myImagePickerTests" */;
			buildPhases = (
				152A82541D0A5F5E00E1642D /* Sources */,
				152A82551D0A5F5E00E1642D /* Frameworks */,
				152A82561D0A5F5E00E1642D /* Resources */,
			);
			buildRules = (
			);
			dependencies = (
				152A825A1D0A5F5E00E1642D /* PBXTargetDependency */,
			);
			name = myImagePickerTests;
			productName = myImagePickerTests;
			productReference = 152A82581D0A5F5E00E1642D /* myImagePickerTests.xctest */;
			productType = "com.apple.product-type.bundle.unit-test";
		};
		152A82621D0A5F5E00E1642D /* myImagePickerUITests */ = {
			isa = PBXNativeTarget;
			buildConfigurationList = 152A82721D0A5F5E00E1642D /* Build configuration list for PBXNativeTarget "myImagePickerUITests" */;
			buildPhases = (
				152A825F1D0A5F5E00E1642D /* Sources */,
				152A82601D0A5F5E00E1642D /* Frameworks */,
				152A82611D0A5F5E00E1642D /* Resources */,
			);
			buildRules = (
			);
			dependencies = (
				152A82651D0A5F5E00E1642D /* PBXTargetDependency */,
			);
			name = myImagePickerUITests;
			productName = myImagePickerUITests;
			productReference = 152A82631D0A5F5E00E1642D /* myImagePickerUITests.xctest */;
			productType = "com.apple.product-type.bundle.ui-testing";
		};
/* End PBXNativeTarget section */

/* Begin PBXProject section */
		152A82341D0A5F5D00E1642D /* Project object */ = {
			isa = PBXProject;
			attributes = {
				LastUpgradeCheck = 0730;
				ORGANIZATIONNAME = swpark;
				TargetAttributes = {
					152A823B1D0A5F5D00E1642D = {
						CreatedOnToolsVersion = 7.3.1;
						DevelopmentTeam = 8J5BQA5RX8;
					};
					152A82571D0A5F5E00E1642D = {
						CreatedOnToolsVersion = 7.3.1;
						TestTargetID = 152A823B1D0A5F5D00E1642D;
					};
					152A82621D0A5F5E00E1642D = {
						CreatedOnToolsVersion = 7.3.1;
						TestTargetID = 152A823B1D0A5F5D00E1642D;
					};
				};
			};
			buildConfigurationList = 152A82371D0A5F5D00E1642D /* Build configuration list for PBXProject "myImagePicker" */;
			compatibilityVersion = "Xcode 3.2";
			developmentRegion = English;
			hasScannedForEncodings = 0;
			knownRegions = (
				en,
				Base,
			);
			mainGroup = 152A82331D0A5F5D00E1642D;
			productRefGroup = 152A823D1D0A5F5D00E1642D /* Products */;
			projectDirPath = "";
			projectRoot = "";
			targets = (
				152A823B1D0A5F5D00E1642D /* myImagePicker */,
				152A82571D0A5F5E00E1642D /* myImagePickerTests */,
				152A82621D0A5F5E00E1642D /* myImagePickerUITests */,
			);
		};
/* End PBXProject section */

/* Begin PBXResourcesBuildPhase section */
		152A823A1D0A5F5D00E1642D /* Resources */ = {
			isa = PBXResourcesBuildPhase;
			buildActionMask = 2147483647;
			files = (
				152A82521D0A5F5D00E1642D /* LaunchScreen.storyboard in Resources */,
				152A824F1D0A5F5D00E1642D /* Assets.xcassets in Resources */,
				152A824A1D0A5F5D00E1642D /* Main.storyboard in Resources */,
			);
			runOnlyForDeploymentPostprocessing = 0;
		};
		152A82561D0A5F5E00E1642D /* Resources */ = {
			isa = PBXResourcesBuildPhase;
			buildActionMask = 2147483647;
			files = (
			);
			runOnlyForDeploymentPostprocessing = 0;
		};
		152A82611D0A5F5E00E1642D /* Resources */ = {
			isa = PBXResourcesBuildPhase;
			buildActionMask = 2147483647;
			files = (
			);
			runOnlyForDeploymentPostprocessing = 0;
		};
/* End PBXResourcesBuildPhase section */

/* Begin PBXSourcesBuildPhase section */
		152A82381D0A5F5D00E1642D /* Sources */ = {
			isa = PBXSourcesBuildPhase;
			buildActionMask = 2147483647;
			files = (
				152A82471D0A5F5D00E1642D /* ViewController.m in Sources */,
				152A824D1D0A5F5D00E1642D /* myImagePicker.xcdatamodeld in Sources */,
				152A82441D0A5F5D00E1642D /* AppDelegate.m in Sources */,
				152A82411D0A5F5D00E1642D /* main.m in Sources */,
			);
			runOnlyForDeploymentPostprocessing = 0;
		};
		152A82541D0A5F5E00E1642D /* Sources */ = {
			isa = PBXSourcesBuildPhase;
			buildActionMask = 2147483647;
			files = (
				152A825D1D0A5F5E00E1642D /* myImagePickerTests.m in Sources */,
			);
			runOnlyForDeploymentPostprocessing = 0;
		};
		152A825F1D0A5F5E00E1642D /* Sources */ = {
			isa = PBXSourcesBuildPhase;
			buildActionMask = 2147483647;
			files = (
				152A82681D0A5F5E00E1642D /* myImagePickerUITests.m in Sources */,
			);
			runOnlyForDeploymentPostprocessing = 0;
		};
/* End PBXSourcesBuildPhase section */

/* Begin PBXTargetDependency section */
		152A825A1D0A5F5E00E1642D /* PBXTargetDependency */ = {
			isa = PBXTargetDependency;
			target = 152A823B1D0A5F5D00E1642D /* myImagePicker */;
			targetProxy = 152A82591D0A5F5E00E1642D /* PBXContainerItemProxy */;
		};
		152A82651D0A5F5E00E1642D /* PBXTargetDependency */ = {
			isa = PBXTargetDependency;
			target = 152A823B1D0A5F5D00E1642D /* myImagePicker */;
			targetProxy = 152A82641D0A5F5E00E1642D /* PBXContainerItemProxy */;
		};
/* End PBXTargetDependency section */

/* Begin PBXVariantGroup section */
		152A82481D0A5F5D00E1642D /* Main.storyboard */ = {
			isa = PBXVariantGroup;
			children = (
				152A82491D0A5F5D00E1642D /* Base */,
			);
			name = Main.storyboard;
			sourceTree = "<group>";
		};
		152A82501D0A5F5D00E1642D /* LaunchScreen.storyboard */ = {
			isa = PBXVariantGroup;
			children = (
				152A82511D0A5F5D00E1642D /* Base */,
			);
			name = LaunchScreen.storyboard;
			sourceTree = "<group>";
		};
/* End PBXVariantGroup section */

/* Begin XCBuildConfiguration section */
		152A826A1D0A5F5E00E1642D /* Debug */ = {
			isa = XCBuildConfiguration;
			buildSettings = {
				ALWAYS_SEARCH_USER_PATHS = NO;
				CLANG_ANALYZER_NONNULL = YES;
				CLANG_CXX_LANGUAGE_STANDARD = "gnu++0x";
				CLANG_CXX_LIBRARY = "libc++";
				CLANG_ENABLE_MODULES = YES;
				CLANG_ENABLE_OBJC_ARC = YES;
				CLANG_WARN_BOOL_CONVERSION = YES;
				CLANG_WARN_CONSTANT_CONVERSION = YES;
				CLANG_WARN_DIRECT_OBJC_ISA_USAGE = YES_ERROR;
				CLANG_WARN_EMPTY_BODY = YES;
				CLANG_WARN_ENUM_CONVERSION = YES;
				CLANG_WARN_INT_CONVERSION = YES;
				CLANG_WARN_OBJC_ROOT_CLASS = YES_ERROR;
				CLANG_WARN_UNREACHABLE_CODE = YES;
				CLANG_WARN__DUPLICATE_METHOD_MATCH = YES;
				"CODE_SIGN_IDENTITY[sdk=iphoneos*]" = "iPhone Developer";
				COPY_PHASE_STRIP = NO;
				DEBUG_INFORMATION_FORMAT = dwarf;
				ENABLE_STRICT_OBJC_MSGSEND = YES;
				ENABLE_TESTABILITY = YES;
				GCC_C_LANGUAGE_STANDARD = gnu99;
				GCC_DYNAMIC_NO_PIC = NO;
				GCC_NO_COMMON_BLOCKS = YES;
				GCC_OPTIMIZATION_LEVEL = 0;
				GCC_PREPROCESSOR_DEFINITIONS = (
					"DEBUG=1",
					"$(inherited)",
				);
				GCC_WARN_64_TO_32_BIT_CONVERSION = YES;
				GCC_WARN_ABOUT_RETURN_TYPE = YES_ERROR;
				GCC_WARN_UNDECLARED_SELECTOR = YES;
				GCC_WARN_UNINITIALIZED_AUTOS = YES_AGGRESSIVE;
				GCC_WARN_UNUSED_FUNCTION = YES;
				GCC_WARN_UNUSED_VARIABLE = YES;
				IPHONEOS_DEPLOYMENT_TARGET = 9.3;
				MTL_ENABLE_DEBUG_INFO = YES;
				ONLY_ACTIVE_ARCH = YES;
				SDKROOT = iphoneos;
			};
			name = Debug;
		};
		152A826B1D0A5F5E00E1642D /* Release */ = {
			isa = XCBuildConfiguration;
			buildSettings = {
				ALWAYS_SEARCH_USER_PATHS = NO;
				CLANG_ANALYZER_NONNULL = YES;
				CLANG_CXX_LANGUAGE_STANDARD = "gnu++0x";
				CLANG_CXX_LIBRARY = "libc++";
				CLANG_ENABLE_MODULES = YES;
				CLANG_ENABLE_OBJC_ARC = YES;
				CLANG_WARN_BOOL_CONVERSION = YES;
				CLANG_WARN_CONSTANT_CONVERSION = YES;
				CLANG_WARN_DIRECT_OBJC_ISA_USAGE = YES_ERROR;
				CLANG_WARN_EMPTY_BODY = YES;
				CLANG_WARN_ENUM_CONVERSION = YES;
				CLANG_WARN_INT_CONVERSION = YES;
				CLANG_WARN_OBJC_ROOT_CLASS = YES_ERROR;
				CLANG_WARN_UNREACHABLE_CODE = YES;
				CLANG_WARN__DUPLICATE_METHOD_MATCH = YES;
				"CODE_SIGN_IDENTITY[sdk=iphoneos*]" = "iPhone Developer";
				COPY_PHASE_STRIP = NO;
				DEBUG_INFORMATION_FORMAT = "dwarf-with-dsym";
				ENABLE_NS_ASSERTIONS = NO;
				ENABLE_STRICT_OBJC_MSGSEND = YES;
				GCC_C_LANGUAGE_STANDARD = gnu99;
				GCC_NO_COMMON_BLOCKS = YES;
				GCC_WARN_64_TO_32_BIT_CONVERSION = YES;
				GCC_WARN_ABOUT_RETURN_TYPE = YES_ERROR;
				GCC_WARN_UNDECLARED_SELECTOR = YES;
				GCC_WARN_UNINITIALIZED_AUTOS = YES_AGGRESSIVE;
				GCC_WARN_UNUSED_FUNCTION = YES;
				GCC_WARN_UNUSED_VARIABLE = YES;
				IPHONEOS_DEPLOYMENT_TARGET = 9.3;
				MTL_ENABLE_DEBUG_INFO = NO;
				SDKROOT = iphoneos;
				VALIDATE_PRODUCT = YES;
			};
			name = Release;
		};
		152A826D1D0A5F5E00E1642D /* Debug */ = {
			isa = XCBuildConfiguration;
			buildSettings = {
				ASSETCATALOG_COMPILER_APPICON_NAME = AppIcon;
				CODE_SIGN_IDENTITY = "iPhone Developer";
				"CODE_SIGN_IDENTITY[sdk=iphoneos*]" = "iPhone Developer";
				INFOPLIST_FILE = myImagePicker/Info.plist;
				LD_RUNPATH_SEARCH_PATHS = "$(inherited) @executable_path/Frameworks";
				PRODUCT_BUNDLE_IDENTIFIER = com.test.myImagePicker;
				PRODUCT_NAME = "$(TARGET_NAME)";
				PROVISIONING_PROFILE = "";
			};
			name = Debug;
		};
		152A826E1D0A5F5E00E1642D /* Release */ = {
			isa = XCBuildConfiguration;
			buildSettings = {
				ASSETCATALOG_COMPILER_APPICON_NAME = AppIcon;
				CODE_SIGN_IDENTITY = "iPhone Developer";
				"CODE_SIGN_IDENTITY[sdk=iphoneos*]" = "iPhone Developer";
				INFOPLIST_FILE = myImagePicker/Info.plist;
				LD_RUNPATH_SEARCH_PATHS = "$(inherited) @executable_path/Frameworks";
				PRODUCT_BUNDLE_IDENTIFIER = com.test.myImagePicker;
				PRODUCT_NAME = "$(TARGET_NAME)";
				PROVISIONING_PROFILE = "";
			};
			name = Release;
		};
		152A82701D0A5F5E00E1642D /* Debug */ = {
			isa = XCBuildConfiguration;
			buildSettings = {
				BUNDLE_LOADER = "$(TEST_HOST)";
				INFOPLIST_FILE = myImagePickerTests/Info.plist;
				LD_RUNPATH_SEARCH_PATHS = "$(inherited) @executable_path/Frameworks @loader_path/Frameworks";
				PRODUCT_BUNDLE_IDENTIFIER = com.test.myImagePickerTests;
				PRODUCT_NAME = "$(TARGET_NAME)";
				TEST_HOST = "$(BUILT_PRODUCTS_DIR)/myImagePicker.app/myImagePicker";
			};
			name = Debug;
		};
		152A82711D0A5F5E00E1642D /* Release */ = {
			isa = XCBuildConfiguration;
			buildSettings = {
				BUNDLE_LOADER = "$(TEST_HOST)";
				INFOPLIST_FILE = myImagePickerTests/Info.plist;
				LD_RUNPATH_SEARCH_PATHS = "$(inherited) @executable_path/Frameworks @loader_path/Frameworks";
				PRODUCT_BUNDLE_IDENTIFIER = com.test.myImagePickerTests;
				PRODUCT_NAME = "$(TARGET_NAME)";
				TEST_HOST = "$(BUILT_PRODUCTS_DIR)/myImagePicker.app/myImagePicker";
			};
			name = Release;
		};
		152A82731D0A5F5E00E1642D /* Debug */ = {
			isa = XCBuildConfiguration;
			buildSettings = {
				INFOPLIST_FILE = myImagePickerUITests/Info.plist;
				LD_RUNPATH_SEARCH_PATHS = "$(inherited) @executable_path/Frameworks @loader_path/Frameworks";
				PRODUCT_BUNDLE_IDENTIFIER = com.test.myImagePickerUITests;
				PRODUCT_NAME = "$(TARGET_NAME)";
				TEST_TARGET_NAME = myImagePicker;
			};
			name = Debug;
		};
		152A82741D0A5F5E00E1642D /* Release */ = {
			isa = XCBuildConfiguration;
			buildSettings = {
				INFOPLIST_FILE = myImagePickerUITests/Info.plist;
				LD_RUNPATH_SEARCH_PATHS = "$(inherited) @executable_path/Frameworks @loader_path/Frameworks";
				PRODUCT_BUNDLE_IDENTIFIER = com.test.myImagePickerUITests;
				PRODUCT_NAME = "$(TARGET_NAME)";
				TEST_TARGET_NAME = myImagePicker;
			};
			name = Release;
		};
/* End XCBuildConfiguration section */

/* Begin XCConfigurationList section */
		152A82371D0A5F5D00E1642D /* Build configuration list for PBXProject "myImagePicker" */ = {
			isa = XCConfigurationList;
			buildConfigurations = (
				152A826A1D0A5F5E00E1642D /* Debug */,
				152A826B1D0A5F5E00E1642D /* Release */,
			);
			defaultConfigurationIsVisible = 0;
			defaultConfigurationName = Release;
		};
		152A826C1D0A5F5E00E1642D /* Build configuration list for PBXNativeTarget "myImagePicker" */ = {
			isa = XCConfigurationList;
			buildConfigurations = (
				152A826D1D0A5F5E00E1642D /* Debug */,
				152A826E1D0A5F5E00E1642D /* Release */,
			);
			defaultConfigurationIsVisible = 0;
		};
		152A826F1D0A5F5E00E1642D /* Build configuration list for PBXNativeTarget "myImagePickerTests" */ = {
			isa = XCConfigurationList;
			buildConfigurations = (
				152A82701D0A5F5E00E1642D /* Debug */,
				152A82711D0A5F5E00E1642D /* Release */,
			);
			defaultConfigurationIsVisible = 0;
		};
		152A82721D0A5F5E00E1642D /* Build configuration list for PBXNativeTarget "myImagePickerUITests" */ = {
			isa = XCConfigurationList;
			buildConfigurations = (
				152A82731D0A5F5E00E1642D /* Debug */,
				152A82741D0A5F5E00E1642D /* Release */,
			);
			defaultConfigurationIsVisible = 0;
		};
/* End XCConfigurationList section */

/* Begin XCVersionGroup section */
		152A824B1D0A5F5D00E1642D /* myImagePicker.xcdatamodeld */ = {
			isa = XCVersionGroup;
			children = (
				152A824C1D0A5F5D00E1642D /* myImagePicker.xcdatamodel */,
			);
			currentVersion = 152A824C1D0A5F5D00E1642D /* myImagePicker.xcdatamodel */;
			path = myImagePicker.xcdatamodeld;
			sourceTree = "<group>";
			versionGroupType = wrapper.xcdatamodel;
		};
/* End XCVersionGroup section */
	};
	rootObject = 152A82341D0A5F5D00E1642D /* Project object */;
}
